
Microsoft Visual Studio Solution File, Format Version 12.00
# Visual Studio Version 16
VisualStudioVersion = 16.0.30114.105
MinimumVisualStudioVersion = 10.0.40219.1
Project("{FAE04EC0-301F-11D3-BF4B-00C04F79EFBC}") = "LazyAdmin", "LazyAdmin.csproj", "{B970D8D0-68B5-40E5-AA49-048146EEE4C9}"
EndProject
Global
	GlobalSection(SolutionConfigurationPlatforms) = preSolution
		Debug|Any CPU = Debug|Any CPU
		Release|Any CPU = Release|Any CPU
	EndGlobalSection
	GlobalSection(ProjectConfigurationPlatforms) = postSolution
		{B970D8D0-68B5-40E5-AA49-048146EEE4C9}.Debug|Any CPU.ActiveCfg = Debug|Any CPU
		{B970D8D0-68B5-40E5-AA49-048146EEE4C9}.Debug|Any CPU.Build.0 = Debug|Any CPU
		{B970D8D0-68B5-40E5-AA49-048146EEE4C9}.Release|Any CPU.ActiveCfg = Release|Any CPU
		{B970D8D0-68B5-40E5-AA49-048146EEE4C9}.Release|Any CPU.Build.0 = Release|Any CPU
	EndGlobalSection
	GlobalSection(SolutionProperties) = preSolution
		HideSolutionNode = FALSE
	EndGlobalSection
	GlobalSection(ExtensibilityGlobals) = postSolution
		SolutionGuid = {988F8949-F8AE-47D7-ACB3-997168A7F098}
	EndGlobalSection
EndGlobal
